
Microsoft Visual Studio Solution File, Format Version 12.00
# Visual Studio Version 16
VisualStudioVersion = 16.0.28714.193
MinimumVisualStudioVersion = 10.0.40219.1
Project("{9A19103F-16F7-4668-BE54-9A1E7A4F7556}") = "Sks365.Ippica.Api", "src\Sks365.Ippica.Api\Sks365.Ippica.Api.csproj", "{5F4363A7-D299-4E53-9B27-77AC669F4CBA}"
EndProject
Project("{2150E333-8FDC-42A3-9474-1A3956D46DE8}") = "test", "test", "{A16317BE-DD5F-42D0-A9E5-21173A030841}"
EndProject
Project("{9A19103F-16F7-4668-BE54-9A1E7A4F7556}") = "Sks365.Ippica.Common", "src\Sks365.Ippica.Common\Sks365.Ippica.Common.csproj", "{B0C0C37B-9F7E-4DEC-A265-8CCB02844BD2}"
EndProject
Project("{9A19103F-16F7-4668-BE54-9A1E7A4F7556}") = "Sks365.Ippica.Application", "src\Sks365.Ippica.Application\Sks365.Ippica.Application.csproj", "{8D0B4C9A-080C-4649-BEE9-42F24911E314}"
EndProject
Project("{2150E333-8FDC-42A3-9474-1A3956D46DE8}") = "Application", "Application", "{5A501321-FF84-4165-B858-3D029927F07F}"
EndProject
Project("{2150E333-8FDC-42A3-9474-1A3956D46DE8}") = "Api", "Api", "{558719FA-6E97-40FB-8E6B-5689101F5650}"
EndProject
Project("{2150E333-8FDC-42A3-9474-1A3956D46DE8}") = "Common", "Common", "{2D59448F-DED1-49A3-AC7C-131AD41E72E5}"
EndProject
Project("{9A19103F-16F7-4668-BE54-9A1E7A4F7556}") = "Sks365.Ippica.Domain", "src\Sks365.Ippica.Domain\Sks365.Ippica.Domain.csproj", "{2235B86F-C0A3-4621-90E8-831F7743D1D5}"
EndProject
Project("{9A19103F-16F7-4668-BE54-9A1E7A4F7556}") = "Sks365.SessionTracker.Client", "src\Sks365.SessionTracker.Client\Sks365.SessionTracker.Client.csproj", "{CE9466F7-3FB4-4685-9357-5AB4D6538B8D}"
EndProject
Project("{9A19103F-16F7-4668-BE54-9A1E7A4F7556}") = "Sks365.Ippica.DataAccess", "src\Sks365.Ippica.DataAccess\Sks365.Ippica.DataAccess.csproj", "{F63A9FE6-3F5B-4F14-9882-A989885A2C39}"
EndProject
Project("{9A19103F-16F7-4668-BE54-9A1E7A4F7556}") = "Sks365.Ippica.Application.UnitTests", "test\Sks365.Ippica.Application.UnitTests\Sks365.Ippica.Application.UnitTests.csproj", "{0A5C448D-2066-4A2B-8044-A792971480A7}"
EndProject
Project("{FAE04EC0-301F-11D3-BF4B-00C04F79EFBC}") = "Sks365.SessionTracker.WinFormTest", "test\Sks365.SessionTracker.WinFormTest\Sks365.SessionTracker.WinFormTest.csproj", "{9E738EC8-CEEF-40FB-8BE1-085480FB23A8}"
EndProject
Project("{9A19103F-16F7-4668-BE54-9A1E7A4F7556}") = "Sks365.Ippica.FakeData", "test\Sks365.Ippica.FakeData\Sks365.Ippica.FakeData.csproj", "{13E861C3-8AFA-4B9E-8E8D-580986CBE0BE}"
EndProject
Project("{E53339B2-1760-4266-BCC7-CA923CBCF16C}") = "docker-compose", "docker-compose.dcproj", "{6F9DA3B3-CC14-4D70-9A4B-470462B11F18}"
EndProject
Project("{2150E333-8FDC-42A3-9474-1A3956D46DE8}") = "src", "src", "{CEC9B8ED-9534-45F6-B007-95F38F6088F9}"
EndProject
Global
	GlobalSection(SolutionConfigurationPlatforms) = preSolution
		Debug|Any CPU = Debug|Any CPU
		Debug|ARM = Debug|ARM
		Debug|ARM64 = Debug|ARM64
		Debug|x64 = Debug|x64
		Debug|x86 = Debug|x86
		DebugLive|Any CPU = DebugLive|Any CPU
		DebugLive|ARM = DebugLive|ARM
		DebugLive|ARM64 = DebugLive|ARM64
		DebugLive|x64 = DebugLive|x64
		DebugLive|x86 = DebugLive|x86
		Release|Any CPU = Release|Any CPU
		Release|ARM = Release|ARM
		Release|ARM64 = Release|ARM64
		Release|x64 = Release|x64
		Release|x86 = Release|x86
	EndGlobalSection
	GlobalSection(ProjectConfigurationPlatforms) = postSolution
		{5F4363A7-D299-4E53-9B27-77AC669F4CBA}.Debug|Any CPU.ActiveCfg = Debug|Any CPU
		{5F4363A7-D299-4E53-9B27-77AC669F4CBA}.Debug|Any CPU.Build.0 = Debug|Any CPU
		{5F4363A7-D299-4E53-9B27-77AC669F4CBA}.Debug|ARM.ActiveCfg = Debug|Any CPU
		{5F4363A7-D299-4E53-9B27-77AC669F4CBA}.Debug|ARM.Build.0 = Debug|Any CPU
		{5F4363A7-D299-4E53-9B27-77AC669F4CBA}.Debug|ARM64.ActiveCfg = Debug|Any CPU
		{5F4363A7-D299-4E53-9B27-77AC669F4CBA}.Debug|ARM64.Build.0 = Debug|Any CPU
		{5F4363A7-D299-4E53-9B27-77AC669F4CBA}.Debug|x64.ActiveCfg = Debug|Any CPU
		{5F4363A7-D299-4E53-9B27-77AC669F4CBA}.Debug|x64.Build.0 = Debug|Any CPU
		{5F4363A7-D299-4E53-9B27-77AC669F4CBA}.Debug|x86.ActiveCfg = Debug|Any CPU
		{5F4363A7-D299-4E53-9B27-77AC669F4CBA}.Debug|x86.Build.0 = Debug|Any CPU
		{5F4363A7-D299-4E53-9B27-77AC669F4CBA}.DebugLive|Any CPU.ActiveCfg = Debug|Any CPU
		{5F4363A7-D299-4E53-9B27-77AC669F4CBA}.DebugLive|Any CPU.Build.0 = Debug|Any CPU
		{5F4363A7-D299-4E53-9B27-77AC669F4CBA}.DebugLive|ARM.ActiveCfg = Debug|Any CPU
		{5F4363A7-D299-4E53-9B27-77AC669F4CBA}.DebugLive|ARM.Build.0 = Debug|Any CPU
		{5F4363A7-D299-4E53-9B27-77AC669F4CBA}.DebugLive|ARM64.ActiveCfg = Debug|Any CPU
		{5F4363A7-D299-4E53-9B27-77AC669F4CBA}.DebugLive|ARM64.Build.0 = Debug|Any CPU
		{5F4363A7-D299-4E53-9B27-77AC669F4CBA}.DebugLive|x64.ActiveCfg = Debug|Any CPU
		{5F4363A7-D299-4E53-9B27-77AC669F4CBA}.DebugLive|x64.Build.0 = Debug|Any CPU
		{5F4363A7-D299-4E53-9B27-77AC669F4CBA}.DebugLive|x86.ActiveCfg = Debug|Any CPU
		{5F4363A7-D299-4E53-9B27-77AC669F4CBA}.DebugLive|x86.Build.0 = Debug|Any CPU
		{5F4363A7-D299-4E53-9B27-77AC669F4CBA}.Release|Any CPU.ActiveCfg = Release|Any CPU
		{5F4363A7-D299-4E53-9B27-77AC669F4CBA}.Release|Any CPU.Build.0 = Release|Any CPU
		{5F4363A7-D299-4E53-9B27-77AC669F4CBA}.Release|ARM.ActiveCfg = Release|Any CPU
		{5F4363A7-D299-4E53-9B27-77AC669F4CBA}.Release|ARM.Build.0 = Release|Any CPU
		{5F4363A7-D299-4E53-9B27-77AC669F4CBA}.Release|ARM64.ActiveCfg = Release|Any CPU
		{5F4363A7-D299-4E53-9B27-77AC669F4CBA}.Release|ARM64.Build.0 = Release|Any CPU
		{5F4363A7-D299-4E53-9B27-77AC669F4CBA}.Release|x64.ActiveCfg = Release|Any CPU
		{5F4363A7-D299-4E53-9B27-77AC669F4CBA}.Release|x64.Build.0 = Release|Any CPU
		{5F4363A7-D299-4E53-9B27-77AC669F4CBA}.Release|x86.ActiveCfg = Release|Any CPU
		{5F4363A7-D299-4E53-9B27-77AC669F4CBA}.Release|x86.Build.0 = Release|Any CPU
		{B0C0C37B-9F7E-4DEC-A265-8CCB02844BD2}.Debug|Any CPU.ActiveCfg = Debug|Any CPU
		{B0C0C37B-9F7E-4DEC-A265-8CCB02844BD2}.Debug|Any CPU.Build.0 = Debug|Any CPU
		{B0C0C37B-9F7E-4DEC-A265-8CCB02844BD2}.Debug|ARM.ActiveCfg = Debug|Any CPU
		{B0C0C37B-9F7E-4DEC-A265-8CCB02844BD2}.Debug|ARM.Build.0 = Debug|Any CPU
		{B0C0C37B-9F7E-4DEC-A265-8CCB02844BD2}.Debug|ARM64.ActiveCfg = Debug|Any CPU
		{B0C0C37B-9F7E-4DEC-A265-8CCB02844BD2}.Debug|ARM64.Build.0 = Debug|Any CPU
		{B0C0C37B-9F7E-4DEC-A265-8CCB02844BD2}.Debug|x64.ActiveCfg = Debug|Any CPU
		{B0C0C37B-9F7E-4DEC-A265-8CCB02844BD2}.Debug|x64.Build.0 = Debug|Any CPU
		{B0C0C37B-9F7E-4DEC-A265-8CCB02844BD2}.Debug|x86.ActiveCfg = Debug|Any CPU
		{B0C0C37B-9F7E-4DEC-A265-8CCB02844BD2}.Debug|x86.Build.0 = Debug|Any CPU
		{B0C0C37B-9F7E-4DEC-A265-8CCB02844BD2}.DebugLive|Any CPU.ActiveCfg = Debug|Any CPU
		{B0C0C37B-9F7E-4DEC-A265-8CCB02844BD2}.DebugLive|Any CPU.Build.0 = Debug|Any CPU
		{B0C0C37B-9F7E-4DEC-A265-8CCB02844BD2}.DebugLive|ARM.ActiveCfg = Debug|Any CPU
		{B0C0C37B-9F7E-4DEC-A265-8CCB02844BD2}.DebugLive|ARM.Build.0 = Debug|Any CPU
		{B0C0C37B-9F7E-4DEC-A265-8CCB02844BD2}.DebugLive|ARM64.ActiveCfg = Debug|Any CPU
		{B0C0C37B-9F7E-4DEC-A265-8CCB02844BD2}.DebugLive|ARM64.Build.0 = Debug|Any CPU
		{B0C0C37B-9F7E-4DEC-A265-8CCB02844BD2}.DebugLive|x64.ActiveCfg = Debug|Any CPU
		{B0C0C37B-9F7E-4DEC-A265-8CCB02844BD2}.DebugLive|x64.Build.0 = Debug|Any CPU
		{B0C0C37B-9F7E-4DEC-A265-8CCB02844BD2}.DebugLive|x86.ActiveCfg = Debug|Any CPU
		{B0C0C37B-9F7E-4DEC-A265-8CCB02844BD2}.DebugLive|x86.Build.0 = Debug|Any CPU
		{B0C0C37B-9F7E-4DEC-A265-8CCB02844BD2}.Release|Any CPU.ActiveCfg = Release|Any CPU
		{B0C0C37B-9F7E-4DEC-A265-8CCB02844BD2}.Release|Any CPU.Build.0 = Release|Any CPU
		{B0C0C37B-9F7E-4DEC-A265-8CCB02844BD2}.Release|ARM.ActiveCfg = Release|Any CPU
		{B0C0C37B-9F7E-4DEC-A265-8CCB02844BD2}.Release|ARM.Build.0 = Release|Any CPU
		{B0C0C37B-9F7E-4DEC-A265-8CCB02844BD2}.Release|ARM64.ActiveCfg = Release|Any CPU
		{B0C0C37B-9F7E-4DEC-A265-8CCB02844BD2}.Release|ARM64.Build.0 = Release|Any CPU
		{B0C0C37B-9F7E-4DEC-A265-8CCB02844BD2}.Release|x64.ActiveCfg = Release|Any CPU
		{B0C0C37B-9F7E-4DEC-A265-8CCB02844BD2}.Release|x64.Build.0 = Release|Any CPU
		{B0C0C37B-9F7E-4DEC-A265-8CCB02844BD2}.Release|x86.ActiveCfg = Release|Any CPU
		{B0C0C37B-9F7E-4DEC-A265-8CCB02844BD2}.Release|x86.Build.0 = Release|Any CPU
		{8D0B4C9A-080C-4649-BEE9-42F24911E314}.Debug|Any CPU.ActiveCfg = Debug|Any CPU
		{8D0B4C9A-080C-4649-BEE9-42F24911E314}.Debug|Any CPU.Build.0 = Debug|Any CPU
		{8D0B4C9A-080C-4649-BEE9-42F24911E314}.Debug|ARM.ActiveCfg = Debug|Any CPU
		{8D0B4C9A-080C-4649-BEE9-42F24911E314}.Debug|ARM.Build.0 = Debug|Any CPU
		{8D0B4C9A-080C-4649-BEE9-42F24911E314}.Debug|ARM64.ActiveCfg = Debug|Any CPU
		{8D0B4C9A-080C-4649-BEE9-42F24911E314}.Debug|ARM64.Build.0 = Debug|Any CPU
		{8D0B4C9A-080C-4649-BEE9-42F24911E314}.Debug|x64.ActiveCfg = Debug|Any CPU
		{8D0B4C9A-080C-4649-BEE9-42F24911E314}.Debug|x64.Build.0 = Debug|Any CPU
		{8D0B4C9A-080C-4649-BEE9-42F24911E314}.Debug|x86.ActiveCfg = Debug|Any CPU
		{8D0B4C9A-080C-4649-BEE9-42F24911E314}.Debug|x86.Build.0 = Debug|Any CPU
		{8D0B4C9A-080C-4649-BEE9-42F24911E314}.DebugLive|Any CPU.ActiveCfg = Debug|Any CPU
		{8D0B4C9A-080C-4649-BEE9-42F24911E314}.DebugLive|Any CPU.Build.0 = Debug|Any CPU
		{8D0B4C9A-080C-4649-BEE9-42F24911E314}.DebugLive|ARM.ActiveCfg = Debug|Any CPU
		{8D0B4C9A-080C-4649-BEE9-42F24911E314}.DebugLive|ARM.Build.0 = Debug|Any CPU
		{8D0B4C9A-080C-4649-BEE9-42F24911E314}.DebugLive|ARM64.ActiveCfg = Debug|Any CPU
		{8D0B4C9A-080C-4649-BEE9-42F24911E314}.DebugLive|ARM64.Build.0 = Debug|Any CPU
		{8D0B4C9A-080C-4649-BEE9-42F24911E314}.DebugLive|x64.ActiveCfg = Debug|Any CPU
		{8D0B4C9A-080C-4649-BEE9-42F24911E314}.DebugLive|x64.Build.0 = Debug|Any CPU
		{8D0B4C9A-080C-4649-BEE9-42F24911E314}.DebugLive|x86.ActiveCfg = Debug|Any CPU
		{8D0B4C9A-080C-4649-BEE9-42F24911E314}.DebugLive|x86.Build.0 = Debug|Any CPU
		{8D0B4C9A-080C-4649-BEE9-42F24911E314}.Release|Any CPU.ActiveCfg = Release|Any CPU
		{8D0B4C9A-080C-4649-BEE9-42F24911E314}.Release|Any CPU.Build.0 = Release|Any CPU
		{8D0B4C9A-080C-4649-BEE9-42F24911E314}.Release|ARM.ActiveCfg = Release|Any CPU
		{8D0B4C9A-080C-4649-BEE9-42F24911E314}.Release|ARM.Build.0 = Release|Any CPU
		{8D0B4C9A-080C-4649-BEE9-42F24911E314}.Release|ARM64.ActiveCfg = Release|Any CPU
		{8D0B4C9A-080C-4649-BEE9-42F24911E314}.Release|ARM64.Build.0 = Release|Any CPU
		{8D0B4C9A-080C-4649-BEE9-42F24911E314}.Release|x64.ActiveCfg = Release|Any CPU
		{8D0B4C9A-080C-4649-BEE9-42F24911E314}.Release|x64.Build.0 = Release|Any CPU
		{8D0B4C9A-080C-4649-BEE9-42F24911E314}.Release|x86.ActiveCfg = Release|Any CPU
		{8D0B4C9A-080C-4649-BEE9-42F24911E314}.Release|x86.Build.0 = Release|Any CPU
		{2235B86F-C0A3-4621-90E8-831F7743D1D5}.Debug|Any CPU.ActiveCfg = Debug|Any CPU
		{2235B86F-C0A3-4621-90E8-831F7743D1D5}.Debug|Any CPU.Build.0 = Debug|Any CPU
		{2235B86F-C0A3-4621-90E8-831F7743D1D5}.Debug|ARM.ActiveCfg = Debug|Any CPU
		{2235B86F-C0A3-4621-90E8-831F7743D1D5}.Debug|ARM.Build.0 = Debug|Any CPU
		{2235B86F-C0A3-4621-90E8-831F7743D1D5}.Debug|ARM64.ActiveCfg = Debug|Any CPU
		{2235B86F-C0A3-4621-90E8-831F7743D1D5}.Debug|ARM64.Build.0 = Debug|Any CPU
		{2235B86F-C0A3-4621-90E8-831F7743D1D5}.Debug|x64.ActiveCfg = Debug|Any CPU
		{2235B86F-C0A3-4621-90E8-831F7743D1D5}.Debug|x64.Build.0 = Debug|Any CPU
		{2235B86F-C0A3-4621-90E8-831F7743D1D5}.Debug|x86.ActiveCfg = Debug|Any CPU
		{2235B86F-C0A3-4621-90E8-831F7743D1D5}.Debug|x86.Build.0 = Debug|Any CPU
		{2235B86F-C0A3-4621-90E8-831F7743D1D5}.DebugLive|Any CPU.ActiveCfg = Debug|Any CPU
		{2235B86F-C0A3-4621-90E8-831F7743D1D5}.DebugLive|Any CPU.Build.0 = Debug|Any CPU
		{2235B86F-C0A3-4621-90E8-831F7743D1D5}.DebugLive|ARM.ActiveCfg = Debug|Any CPU
		{2235B86F-C0A3-4621-90E8-831F7743D1D5}.DebugLive|ARM.Build.0 = Debug|Any CPU
		{2235B86F-C0A3-4621-90E8-831F7743D1D5}.DebugLive|ARM64.ActiveCfg = Debug|Any CPU
		{2235B86F-C0A3-4621-90E8-831F7743D1D5}.DebugLive|ARM64.Build.0 = Debug|Any CPU
		{2235B86F-C0A3-4621-90E8-831F7743D1D5}.DebugLive|x64.ActiveCfg = Debug|Any CPU
		{2235B86F-C0A3-4621-90E8-831F7743D1D5}.DebugLive|x64.Build.0 = Debug|Any CPU
		{2235B86F-C0A3-4621-90E8-831F7743D1D5}.DebugLive|x86.ActiveCfg = Debug|Any CPU
		{2235B86F-C0A3-4621-90E8-831F7743D1D5}.DebugLive|x86.Build.0 = Debug|Any CPU
		{2235B86F-C0A3-4621-90E8-831F7743D1D5}.Release|Any CPU.ActiveCfg = Release|Any CPU
		{2235B86F-C0A3-4621-90E8-831F7743D1D5}.Release|Any CPU.Build.0 = Release|Any CPU
		{2235B86F-C0A3-4621-90E8-831F7743D1D5}.Release|ARM.ActiveCfg = Release|Any CPU
		{2235B86F-C0A3-4621-90E8-831F7743D1D5}.Release|ARM.Build.0 = Release|Any CPU
		{2235B86F-C0A3-4621-90E8-831F7743D1D5}.Release|ARM64.ActiveCfg = Release|Any CPU
		{2235B86F-C0A3-4621-90E8-831F7743D1D5}.Release|ARM64.Build.0 = Release|Any CPU
		{2235B86F-C0A3-4621-90E8-831F7743D1D5}.Release|x64.ActiveCfg = Release|Any CPU
		{2235B86F-C0A3-4621-90E8-831F7743D1D5}.Release|x64.Build.0 = Release|Any CPU
		{2235B86F-C0A3-4621-90E8-831F7743D1D5}.Release|x86.ActiveCfg = Release|Any CPU
		{2235B86F-C0A3-4621-90E8-831F7743D1D5}.Release|x86.Build.0 = Release|Any CPU
		{CE9466F7-3FB4-4685-9357-5AB4D6538B8D}.Debug|Any CPU.ActiveCfg = Debug|Any CPU
		{CE9466F7-3FB4-4685-9357-5AB4D6538B8D}.Debug|Any CPU.Build.0 = Debug|Any CPU
		{CE9466F7-3FB4-4685-9357-5AB4D6538B8D}.Debug|ARM.ActiveCfg = Debug|Any CPU
		{CE9466F7-3FB4-4685-9357-5AB4D6538B8D}.Debug|ARM.Build.0 = Debug|Any CPU
		{CE9466F7-3FB4-4685-9357-5AB4D6538B8D}.Debug|ARM64.ActiveCfg = Debug|Any CPU
		{CE9466F7-3FB4-4685-9357-5AB4D6538B8D}.Debug|ARM64.Build.0 = Debug|Any CPU
		{CE9466F7-3FB4-4685-9357-5AB4D6538B8D}.Debug|x64.ActiveCfg = Debug|Any CPU
		{CE9466F7-3FB4-4685-9357-5AB4D6538B8D}.Debug|x64.Build.0 = Debug|Any CPU
		{CE9466F7-3FB4-4685-9357-5AB4D6538B8D}.Debug|x86.ActiveCfg = Debug|Any CPU
		{CE9466F7-3FB4-4685-9357-5AB4D6538B8D}.Debug|x86.Build.0 = Debug|Any CPU
		{CE9466F7-3FB4-4685-9357-5AB4D6538B8D}.DebugLive|Any CPU.ActiveCfg = Debug|Any CPU
		{CE9466F7-3FB4-4685-9357-5AB4D6538B8D}.DebugLive|Any CPU.Build.0 = Debug|Any CPU
		{CE9466F7-3FB4-4685-9357-5AB4D6538B8D}.DebugLive|ARM.ActiveCfg = Debug|Any CPU
		{CE9466F7-3FB4-4685-9357-5AB4D6538B8D}.DebugLive|ARM.Build.0 = Debug|Any CPU
		{CE9466F7-3FB4-4685-9357-5AB4D6538B8D}.DebugLive|ARM64.ActiveCfg = Debug|Any CPU
		{CE9466F7-3FB4-4685-9357-5AB4D6538B8D}.DebugLive|ARM64.Build.0 = Debug|Any CPU
		{CE9466F7-3FB4-4685-9357-5AB4D6538B8D}.DebugLive|x64.ActiveCfg = Debug|Any CPU
		{CE9466F7-3FB4-4685-9357-5AB4D6538B8D}.DebugLive|x64.Build.0 = Debug|Any CPU
		{CE9466F7-3FB4-4685-9357-5AB4D6538B8D}.DebugLive|x86.ActiveCfg = Debug|Any CPU
		{CE9466F7-3FB4-4685-9357-5AB4D6538B8D}.DebugLive|x86.Build.0 = Debug|Any CPU
		{CE9466F7-3FB4-4685-9357-5AB4D6538B8D}.Release|Any CPU.ActiveCfg = Release|Any CPU
		{CE9466F7-3FB4-4685-9357-5AB4D6538B8D}.Release|Any CPU.Build.0 = Release|Any CPU
		{CE9466F7-3FB4-4685-9357-5AB4D6538B8D}.Release|ARM.ActiveCfg = Release|Any CPU
		{CE9466F7-3FB4-4685-9357-5AB4D6538B8D}.Release|ARM.Build.0 = Release|Any CPU
		{CE9466F7-3FB4-4685-9357-5AB4D6538B8D}.Release|ARM64.ActiveCfg = Release|Any CPU
		{CE9466F7-3FB4-4685-9357-5AB4D6538B8D}.Release|ARM64.Build.0 = Release|Any CPU
		{CE9466F7-3FB4-4685-9357-5AB4D6538B8D}.Release|x64.ActiveCfg = Release|Any CPU
		{CE9466F7-3FB4-4685-9357-5AB4D6538B8D}.Release|x64.Build.0 = Release|Any CPU
		{CE9466F7-3FB4-4685-9357-5AB4D6538B8D}.Release|x86.ActiveCfg = Release|Any CPU
		{CE9466F7-3FB4-4685-9357-5AB4D6538B8D}.Release|x86.Build.0 = Release|Any CPU
		{F63A9FE6-3F5B-4F14-9882-A989885A2C39}.Debug|Any CPU.ActiveCfg = Debug|Any CPU
		{F63A9FE6-3F5B-4F14-9882-A989885A2C39}.Debug|Any CPU.Build.0 = Debug|Any CPU
		{F63A9FE6-3F5B-4F14-9882-A989885A2C39}.Debug|ARM.ActiveCfg = Debug|Any CPU
		{F63A9FE6-3F5B-4F14-9882-A989885A2C39}.Debug|ARM.Build.0 = Debug|Any CPU
		{F63A9FE6-3F5B-4F14-9882-A989885A2C39}.Debug|ARM64.ActiveCfg = Debug|Any CPU
		{F63A9FE6-3F5B-4F14-9882-A989885A2C39}.Debug|ARM64.Build.0 = Debug|Any CPU
		{F63A9FE6-3F5B-4F14-9882-A989885A2C39}.Debug|x64.ActiveCfg = Debug|Any CPU
		{F63A9FE6-3F5B-4F14-9882-A989885A2C39}.Debug|x64.Build.0 = Debug|Any CPU
		{F63A9FE6-3F5B-4F14-9882-A989885A2C39}.Debug|x86.ActiveCfg = Debug|Any CPU
		{F63A9FE6-3F5B-4F14-9882-A989885A2C39}.Debug|x86.Build.0 = Debug|Any CPU
		{F63A9FE6-3F5B-4F14-9882-A989885A2C39}.DebugLive|Any CPU.ActiveCfg = Debug|Any CPU
		{F63A9FE6-3F5B-4F14-9882-A989885A2C39}.DebugLive|Any CPU.Build.0 = Debug|Any CPU
		{F63A9FE6-3F5B-4F14-9882-A989885A2C39}.DebugLive|ARM.ActiveCfg = Debug|Any CPU
		{F63A9FE6-3F5B-4F14-9882-A989885A2C39}.DebugLive|ARM.Build.0 = Debug|Any CPU
		{F63A9FE6-3F5B-4F14-9882-A989885A2C39}.DebugLive|ARM64.ActiveCfg = Debug|Any CPU
		{F63A9FE6-3F5B-4F14-9882-A989885A2C39}.DebugLive|ARM64.Build.0 = Debug|Any CPU
		{F63A9FE6-3F5B-4F14-9882-A989885A2C39}.DebugLive|x64.ActiveCfg = Debug|Any CPU
		{F63A9FE6-3F5B-4F14-9882-A989885A2C39}.DebugLive|x64.Build.0 = Debug|Any CPU
		{F63A9FE6-3F5B-4F14-9882-A989885A2C39}.DebugLive|x86.ActiveCfg = Debug|Any CPU
		{F63A9FE6-3F5B-4F14-9882-A989885A2C39}.DebugLive|x86.Build.0 = Debug|Any CPU
		{F63A9FE6-3F5B-4F14-9882-A989885A2C39}.Release|Any CPU.ActiveCfg = Release|Any CPU
		{F63A9FE6-3F5B-4F14-9882-A989885A2C39}.Release|Any CPU.Build.0 = Release|Any CPU
		{F63A9FE6-3F5B-4F14-9882-A989885A2C39}.Release|ARM.ActiveCfg = Release|Any CPU
		{F63A9FE6-3F5B-4F14-9882-A989885A2C39}.Release|ARM.Build.0 = Release|Any CPU
		{F63A9FE6-3F5B-4F14-9882-A989885A2C39}.Release|ARM64.ActiveCfg = Release|Any CPU
		{F63A9FE6-3F5B-4F14-9882-A989885A2C39}.Release|ARM64.Build.0 = Release|Any CPU
		{F63A9FE6-3F5B-4F14-9882-A989885A2C39}.Release|x64.ActiveCfg = Release|Any CPU
		{F63A9FE6-3F5B-4F14-9882-A989885A2C39}.Release|x64.Build.0 = Release|Any CPU
		{F63A9FE6-3F5B-4F14-9882-A989885A2C39}.Release|x86.ActiveCfg = Release|Any CPU
		{F63A9FE6-3F5B-4F14-9882-A989885A2C39}.Release|x86.Build.0 = Release|Any CPU
		{0A5C448D-2066-4A2B-8044-A792971480A7}.Debug|Any CPU.ActiveCfg = Debug|Any CPU
		{0A5C448D-2066-4A2B-8044-A792971480A7}.Debug|Any CPU.Build.0 = Debug|Any CPU
		{0A5C448D-2066-4A2B-8044-A792971480A7}.Debug|ARM.ActiveCfg = Debug|Any CPU
		{0A5C448D-2066-4A2B-8044-A792971480A7}.Debug|ARM.Build.0 = Debug|Any CPU
		{0A5C448D-2066-4A2B-8044-A792971480A7}.Debug|ARM64.ActiveCfg = Debug|Any CPU
		{0A5C448D-2066-4A2B-8044-A792971480A7}.Debug|ARM64.Build.0 = Debug|Any CPU
		{0A5C448D-2066-4A2B-8044-A792971480A7}.Debug|x64.ActiveCfg = Debug|Any CPU
		{0A5C448D-2066-4A2B-8044-A792971480A7}.Debug|x64.Build.0 = Debug|Any CPU
		{0A5C448D-2066-4A2B-8044-A792971480A7}.Debug|x86.ActiveCfg = Debug|Any CPU
		{0A5C448D-2066-4A2B-8044-A792971480A7}.Debug|x86.Build.0 = Debug|Any CPU
		{0A5C448D-2066-4A2B-8044-A792971480A7}.DebugLive|Any CPU.ActiveCfg = Debug|Any CPU
		{0A5C448D-2066-4A2B-8044-A792971480A7}.DebugLive|Any CPU.Build.0 = Debug|Any CPU
		{0A5C448D-2066-4A2B-8044-A792971480A7}.DebugLive|ARM.ActiveCfg = Debug|Any CPU
		{0A5C448D-2066-4A2B-8044-A792971480A7}.DebugLive|ARM.Build.0 = Debug|Any CPU
		{0A5C448D-2066-4A2B-8044-A792971480A7}.DebugLive|ARM64.ActiveCfg = Debug|Any CPU
		{0A5C448D-2066-4A2B-8044-A792971480A7}.DebugLive|ARM64.Build.0 = Debug|Any CPU
		{0A5C448D-2066-4A2B-8044-A792971480A7}.DebugLive|x64.ActiveCfg = Debug|Any CPU
		{0A5C448D-2066-4A2B-8044-A792971480A7}.DebugLive|x64.Build.0 = Debug|Any CPU
		{0A5C448D-2066-4A2B-8044-A792971480A7}.DebugLive|x86.ActiveCfg = Debug|Any CPU
		{0A5C448D-2066-4A2B-8044-A792971480A7}.DebugLive|x86.Build.0 = Debug|Any CPU
		{0A5C448D-2066-4A2B-8044-A792971480A7}.Release|Any CPU.ActiveCfg = Release|Any CPU
		{0A5C448D-2066-4A2B-8044-A792971480A7}.Release|Any CPU.Build.0 = Release|Any CPU
		{0A5C448D-2066-4A2B-8044-A792971480A7}.Release|ARM.ActiveCfg = Release|Any CPU
		{0A5C448D-2066-4A2B-8044-A792971480A7}.Release|ARM.Build.0 = Release|Any CPU
		{0A5C448D-2066-4A2B-8044-A792971480A7}.Release|ARM64.ActiveCfg = Release|Any CPU
		{0A5C448D-2066-4A2B-8044-A792971480A7}.Release|ARM64.Build.0 = Release|Any CPU
		{0A5C448D-2066-4A2B-8044-A792971480A7}.Release|x64.ActiveCfg = Release|Any CPU
		{0A5C448D-2066-4A2B-8044-A792971480A7}.Release|x64.Build.0 = Release|Any CPU
		{0A5C448D-2066-4A2B-8044-A792971480A7}.Release|x86.ActiveCfg = Release|Any CPU
		{0A5C448D-2066-4A2B-8044-A792971480A7}.Release|x86.Build.0 = Release|Any CPU
		{9E738EC8-CEEF-40FB-8BE1-085480FB23A8}.Debug|Any CPU.ActiveCfg = Debug|Any CPU
		{9E738EC8-CEEF-40FB-8BE1-085480FB23A8}.Debug|Any CPU.Build.0 = Debug|Any CPU
		{9E738EC8-CEEF-40FB-8BE1-085480FB23A8}.Debug|ARM.ActiveCfg = Debug|Any CPU
		{9E738EC8-CEEF-40FB-8BE1-085480FB23A8}.Debug|ARM.Build.0 = Debug|Any CPU
		{9E738EC8-CEEF-40FB-8BE1-085480FB23A8}.Debug|ARM64.ActiveCfg = Debug|Any CPU
		{9E738EC8-CEEF-40FB-8BE1-085480FB23A8}.Debug|ARM64.Build.0 = Debug|Any CPU
		{9E738EC8-CEEF-40FB-8BE1-085480FB23A8}.Debug|x64.ActiveCfg = Debug|Any CPU
		{9E738EC8-CEEF-40FB-8BE1-085480FB23A8}.Debug|x64.Build.0 = Debug|Any CPU
		{9E738EC8-CEEF-40FB-8BE1-085480FB23A8}.Debug|x86.ActiveCfg = Debug|Any CPU
		{9E738EC8-CEEF-40FB-8BE1-085480FB23A8}.Debug|x86.Build.0 = Debug|Any CPU
		{9E738EC8-CEEF-40FB-8BE1-085480FB23A8}.DebugLive|Any CPU.ActiveCfg = Debug|Any CPU
		{9E738EC8-CEEF-40FB-8BE1-085480FB23A8}.DebugLive|Any CPU.Build.0 = Debug|Any CPU
		{9E738EC8-CEEF-40FB-8BE1-085480FB23A8}.DebugLive|ARM.ActiveCfg = Debug|Any CPU
		{9E738EC8-CEEF-40FB-8BE1-085480FB23A8}.DebugLive|ARM.Build.0 = Debug|Any CPU
		{9E738EC8-CEEF-40FB-8BE1-085480FB23A8}.DebugLive|ARM64.ActiveCfg = Debug|Any CPU
		{9E738EC8-CEEF-40FB-8BE1-085480FB23A8}.DebugLive|ARM64.Build.0 = Debug|Any CPU
		{9E738EC8-CEEF-40FB-8BE1-085480FB23A8}.DebugLive|x64.ActiveCfg = Debug|Any CPU
		{9E738EC8-CEEF-40FB-8BE1-085480FB23A8}.DebugLive|x64.Build.0 = Debug|Any CPU
		{9E738EC8-CEEF-40FB-8BE1-085480FB23A8}.DebugLive|x86.ActiveCfg = Debug|Any CPU
		{9E738EC8-CEEF-40FB-8BE1-085480FB23A8}.DebugLive|x86.Build.0 = Debug|Any CPU
		{9E738EC8-CEEF-40FB-8BE1-085480FB23A8}.Release|Any CPU.ActiveCfg = Release|Any CPU
		{9E738EC8-CEEF-40FB-8BE1-085480FB23A8}.Release|Any CPU.Build.0 = Release|Any CPU
		{9E738EC8-CEEF-40FB-8BE1-085480FB23A8}.Release|ARM.ActiveCfg = Release|Any CPU
		{9E738EC8-CEEF-40FB-8BE1-085480FB23A8}.Release|ARM.Build.0 = Release|Any CPU
		{9E738EC8-CEEF-40FB-8BE1-085480FB23A8}.Release|ARM64.ActiveCfg = Release|Any CPU
		{9E738EC8-CEEF-40FB-8BE1-085480FB23A8}.Release|ARM64.Build.0 = Release|Any CPU
		{9E738EC8-CEEF-40FB-8BE1-085480FB23A8}.Release|x64.ActiveCfg = Release|Any CPU
		{9E738EC8-CEEF-40FB-8BE1-085480FB23A8}.Release|x64.Build.0 = Release|Any CPU
		{9E738EC8-CEEF-40FB-8BE1-085480FB23A8}.Release|x86.ActiveCfg = Release|Any CPU
		{9E738EC8-CEEF-40FB-8BE1-085480FB23A8}.Release|x86.Build.0 = Release|Any CPU
		{13E861C3-8AFA-4B9E-8E8D-580986CBE0BE}.Debug|Any CPU.ActiveCfg = Debug|Any CPU
		{13E861C3-8AFA-4B9E-8E8D-580986CBE0BE}.Debug|Any CPU.Build.0 = Debug|Any CPU
		{13E861C3-8AFA-4B9E-8E8D-580986CBE0BE}.Debug|ARM.ActiveCfg = Debug|Any CPU
		{13E861C3-8AFA-4B9E-8E8D-580986CBE0BE}.Debug|ARM.Build.0 = Debug|Any CPU
		{13E861C3-8AFA-4B9E-8E8D-580986CBE0BE}.Debug|ARM64.ActiveCfg = Debug|Any CPU
		{13E861C3-8AFA-4B9E-8E8D-580986CBE0BE}.Debug|ARM64.Build.0 = Debug|Any CPU
		{13E861C3-8AFA-4B9E-8E8D-580986CBE0BE}.Debug|x64.ActiveCfg = Debug|Any CPU
		{13E861C3-8AFA-4B9E-8E8D-580986CBE0BE}.Debug|x64.Build.0 = Debug|Any CPU
		{13E861C3-8AFA-4B9E-8E8D-580986CBE0BE}.Debug|x86.ActiveCfg = Debug|Any CPU
		{13E861C3-8AFA-4B9E-8E8D-580986CBE0BE}.Debug|x86.Build.0 = Debug|Any CPU
		{13E861C3-8AFA-4B9E-8E8D-580986CBE0BE}.DebugLive|Any CPU.ActiveCfg = Debug|Any CPU
		{13E861C3-8AFA-4B9E-8E8D-580986CBE0BE}.DebugLive|Any CPU.Build.0 = Debug|Any CPU
		{13E861C3-8AFA-4B9E-8E8D-580986CBE0BE}.DebugLive|ARM.ActiveCfg = Debug|Any CPU
		{13E861C3-8AFA-4B9E-8E8D-580986CBE0BE}.DebugLive|ARM.Build.0 = Debug|Any CPU
		{13E861C3-8AFA-4B9E-8E8D-580986CBE0BE}.DebugLive|ARM64.ActiveCfg = Debug|Any CPU
		{13E861C3-8AFA-4B9E-8E8D-580986CBE0BE}.DebugLive|ARM64.Build.0 = Debug|Any CPU
		{13E861C3-8AFA-4B9E-8E8D-580986CBE0BE}.DebugLive|x64.ActiveCfg = Debug|Any CPU
		{13E861C3-8AFA-4B9E-8E8D-580986CBE0BE}.DebugLive|x64.Build.0 = Debug|Any CPU
		{13E861C3-8AFA-4B9E-8E8D-580986CBE0BE}.DebugLive|x86.ActiveCfg = Debug|Any CPU
		{13E861C3-8AFA-4B9E-8E8D-580986CBE0BE}.DebugLive|x86.Build.0 = Debug|Any CPU
		{13E861C3-8AFA-4B9E-8E8D-580986CBE0BE}.Release|Any CPU.ActiveCfg = Release|Any CPU
		{13E861C3-8AFA-4B9E-8E8D-580986CBE0BE}.Release|Any CPU.Build.0 = Release|Any CPU
		{13E861C3-8AFA-4B9E-8E8D-580986CBE0BE}.Release|ARM.ActiveCfg = Release|Any CPU
		{13E861C3-8AFA-4B9E-8E8D-580986CBE0BE}.Release|ARM.Build.0 = Release|Any CPU
		{13E861C3-8AFA-4B9E-8E8D-580986CBE0BE}.Release|ARM64.ActiveCfg = Release|Any CPU
		{13E861C3-8AFA-4B9E-8E8D-580986CBE0BE}.Release|ARM64.Build.0 = Release|Any CPU
		{13E861C3-8AFA-4B9E-8E8D-580986CBE0BE}.Release|x64.ActiveCfg = Release|Any CPU
		{13E861C3-8AFA-4B9E-8E8D-580986CBE0BE}.Release|x64.Build.0 = Release|Any CPU
		{13E861C3-8AFA-4B9E-8E8D-580986CBE0BE}.Release|x86.ActiveCfg = Release|Any CPU
		{13E861C3-8AFA-4B9E-8E8D-580986CBE0BE}.Release|x86.Build.0 = Release|Any CPU
		{6F9DA3B3-CC14-4D70-9A4B-470462B11F18}.Debug|Any CPU.ActiveCfg = Debug|Any CPU
		{6F9DA3B3-CC14-4D70-9A4B-470462B11F18}.Debug|Any CPU.Build.0 = Debug|Any CPU
		{6F9DA3B3-CC14-4D70-9A4B-470462B11F18}.Debug|ARM.ActiveCfg = Debug|Any CPU
		{6F9DA3B3-CC14-4D70-9A4B-470462B11F18}.Debug|ARM.Build.0 = Debug|Any CPU
		{6F9DA3B3-CC14-4D70-9A4B-470462B11F18}.Debug|ARM64.ActiveCfg = Debug|Any CPU
		{6F9DA3B3-CC14-4D70-9A4B-470462B11F18}.Debug|ARM64.Build.0 = Debug|Any CPU
		{6F9DA3B3-CC14-4D70-9A4B-470462B11F18}.Debug|x64.ActiveCfg = Debug|Any CPU
		{6F9DA3B3-CC14-4D70-9A4B-470462B11F18}.Debug|x64.Build.0 = Debug|Any CPU
		{6F9DA3B3-CC14-4D70-9A4B-470462B11F18}.Debug|x86.ActiveCfg = Debug|Any CPU
		{6F9DA3B3-CC14-4D70-9A4B-470462B11F18}.Debug|x86.Build.0 = Debug|Any CPU
		{6F9DA3B3-CC14-4D70-9A4B-470462B11F18}.DebugLive|Any CPU.ActiveCfg = Debug|Any CPU
		{6F9DA3B3-CC14-4D70-9A4B-470462B11F18}.DebugLive|Any CPU.Build.0 = Debug|Any CPU
		{6F9DA3B3-CC14-4D70-9A4B-470462B11F18}.DebugLive|ARM.ActiveCfg = Debug|Any CPU
		{6F9DA3B3-CC14-4D70-9A4B-470462B11F18}.DebugLive|ARM.Build.0 = Debug|Any CPU
		{6F9DA3B3-CC14-4D70-9A4B-470462B11F18}.DebugLive|ARM64.ActiveCfg = Debug|Any CPU
		{6F9DA3B3-CC14-4D70-9A4B-470462B11F18}.DebugLive|ARM64.Build.0 = Debug|Any CPU
		{6F9DA3B3-CC14-4D70-9A4B-470462B11F18}.DebugLive|x64.ActiveCfg = Debug|Any CPU
		{6F9DA3B3-CC14-4D70-9A4B-470462B11F18}.DebugLive|x64.Build.0 = Debug|Any CPU
		{6F9DA3B3-CC14-4D70-9A4B-470462B11F18}.DebugLive|x86.ActiveCfg = Debug|Any CPU
		{6F9DA3B3-CC14-4D70-9A4B-470462B11F18}.DebugLive|x86.Build.0 = Debug|Any CPU
		{6F9DA3B3-CC14-4D70-9A4B-470462B11F18}.Release|Any CPU.ActiveCfg = Release|Any CPU
		{6F9DA3B3-CC14-4D70-9A4B-470462B11F18}.Release|Any CPU.Build.0 = Release|Any CPU
		{6F9DA3B3-CC14-4D70-9A4B-470462B11F18}.Release|ARM.ActiveCfg = Release|Any CPU
		{6F9DA3B3-CC14-4D70-9A4B-470462B11F18}.Release|ARM.Build.0 = Release|Any CPU
		{6F9DA3B3-CC14-4D70-9A4B-470462B11F18}.Release|ARM64.ActiveCfg = Release|Any CPU
		{6F9DA3B3-CC14-4D70-9A4B-470462B11F18}.Release|ARM64.Build.0 = Release|Any CPU
		{6F9DA3B3-CC14-4D70-9A4B-470462B11F18}.Release|x64.ActiveCfg = Release|Any CPU
		{6F9DA3B3-CC14-4D70-9A4B-470462B11F18}.Release|x64.Build.0 = Release|Any CPU
		{6F9DA3B3-CC14-4D70-9A4B-470462B11F18}.Release|x86.ActiveCfg = Release|Any CPU
		{6F9DA3B3-CC14-4D70-9A4B-470462B11F18}.Release|x86.Build.0 = Release|Any CPU
	EndGlobalSection
	GlobalSection(SolutionProperties) = preSolution
		HideSolutionNode = FALSE
	EndGlobalSection
	GlobalSection(NestedProjects) = preSolution
		{5F4363A7-D299-4E53-9B27-77AC669F4CBA} = {558719FA-6E97-40FB-8E6B-5689101F5650}
		{B0C0C37B-9F7E-4DEC-A265-8CCB02844BD2} = {2D59448F-DED1-49A3-AC7C-131AD41E72E5}
		{8D0B4C9A-080C-4649-BEE9-42F24911E314} = {5A501321-FF84-4165-B858-3D029927F07F}
		{5A501321-FF84-4165-B858-3D029927F07F} = {CEC9B8ED-9534-45F6-B007-95F38F6088F9}
		{558719FA-6E97-40FB-8E6B-5689101F5650} = {CEC9B8ED-9534-45F6-B007-95F38F6088F9}
		{2D59448F-DED1-49A3-AC7C-131AD41E72E5} = {CEC9B8ED-9534-45F6-B007-95F38F6088F9}
		{2235B86F-C0A3-4621-90E8-831F7743D1D5} = {5A501321-FF84-4165-B858-3D029927F07F}
		{CE9466F7-3FB4-4685-9357-5AB4D6538B8D} = {5A501321-FF84-4165-B858-3D029927F07F}
		{F63A9FE6-3F5B-4F14-9882-A989885A2C39} = {5A501321-FF84-4165-B858-3D029927F07F}
		{0A5C448D-2066-4A2B-8044-A792971480A7} = {A16317BE-DD5F-42D0-A9E5-21173A030841}
		{9E738EC8-CEEF-40FB-8BE1-085480FB23A8} = {A16317BE-DD5F-42D0-A9E5-21173A030841}
		{13E861C3-8AFA-4B9E-8E8D-580986CBE0BE} = {A16317BE-DD5F-42D0-A9E5-21173A030841}
	EndGlobalSection
	GlobalSection(ExtensibilityGlobals) = postSolution
		SolutionGuid = {CD3898AC-9ACD-4283-92B8-9CD4956AC2FA}
	EndGlobalSection
EndGlobal
